
Microsoft Visual Studio Solution File, Format Version 12.00
Project("{FAE04EC0-301F-11D3-BF4B-00C04F79EFBC}") = "feladat3", "feladat3\feladat3.csproj", "{99093350-D91B-4677-9BFF-4CF2BB5E9310}"
EndProject
Global
	GlobalSection(SolutionConfigurationPlatforms) = preSolution
		Debug|Any CPU = Debug|Any CPU
		Release|Any CPU = Release|Any CPU
	EndGlobalSection
	GlobalSection(ProjectConfigurationPlatforms) = postSolution
		{99093350-D91B-4677-9BFF-4CF2BB5E9310}.Debug|Any CPU.ActiveCfg = Debug|Any CPU
		{99093350-D91B-4677-9BFF-4CF2BB5E9310}.Debug|Any CPU.Build.0 = Debug|Any CPU
		{99093350-D91B-4677-9BFF-4CF2BB5E9310}.Release|Any CPU.ActiveCfg = Release|Any CPU
		{99093350-D91B-4677-9BFF-4CF2BB5E9310}.Release|Any CPU.Build.0 = Release|Any CPU
	EndGlobalSection
EndGlobal
